
Microsoft Visual Studio Solution File, Format Version 12.00
# Visual Studio Version 16
VisualStudioVersion = 16.0.31112.23
MinimumVisualStudioVersion = 10.0.40219.1
Project("{FAE04EC0-301F-11D3-BF4B-00C04F79EFBC}") = "SoA_Light", "SoA_Light\SoA_Light.csproj", "{905FF140-E094-4A8A-AEA6-A482E03A36B3}"
EndProject
Global
	GlobalSection(SolutionConfigurationPlatforms) = preSolution
		Debug|Any CPU = Debug|Any CPU
		Release|Any CPU = Release|Any CPU
	EndGlobalSection
	GlobalSection(ProjectConfigurationPlatforms) = postSolution
		{905FF140-E094-4A8A-AEA6-A482E03A36B3}.Debug|Any CPU.ActiveCfg = Debug|Any CPU
		{905FF140-E094-4A8A-AEA6-A482E03A36B3}.Debug|Any CPU.Build.0 = Debug|Any CPU
		{905FF140-E094-4A8A-AEA6-A482E03A36B3}.Release|Any CPU.ActiveCfg = Release|Any CPU
		{905FF140-E094-4A8A-AEA6-A482E03A36B3}.Release|Any CPU.Build.0 = Release|Any CPU
	EndGlobalSection
	GlobalSection(SolutionProperties) = preSolution
		HideSolutionNode = FALSE
	EndGlobalSection
	GlobalSection(ExtensibilityGlobals) = postSolution
		SolutionGuid = {C8240077-05BA-49DF-8148-46C94C5D0A3A}
	EndGlobalSection
EndGlobal
